
Microsoft Visual Studio Solution File, Format Version 12.00
# Visual Studio Version 17
VisualStudioVersion = 17.0.32014.148
MinimumVisualStudioVersion = 10.0.40219.1
Project("{FAE04EC0-301F-11D3-BF4B-00C04F79EFBC}") = "API Consume - Weather", "API Consume - Weather\API Consume - Weather.csproj", "{F13BAFA6-45FA-46C1-8AA0-89131A7D1E6D}"
EndProject
Global
	GlobalSection(SolutionConfigurationPlatforms) = preSolution
		Debug|Any CPU = Debug|Any CPU
		Release|Any CPU = Release|Any CPU
	EndGlobalSection
	GlobalSection(ProjectConfigurationPlatforms) = postSolution
		{F13BAFA6-45FA-46C1-8AA0-89131A7D1E6D}.Debug|Any CPU.ActiveCfg = Debug|Any CPU
		{F13BAFA6-45FA-46C1-8AA0-89131A7D1E6D}.Debug|Any CPU.Build.0 = Debug|Any CPU
		{F13BAFA6-45FA-46C1-8AA0-89131A7D1E6D}.Release|Any CPU.ActiveCfg = Release|Any CPU
		{F13BAFA6-45FA-46C1-8AA0-89131A7D1E6D}.Release|Any CPU.Build.0 = Release|Any CPU
	EndGlobalSection
	GlobalSection(SolutionProperties) = preSolution
		HideSolutionNode = FALSE
	EndGlobalSection
	GlobalSection(ExtensibilityGlobals) = postSolution
		SolutionGuid = {52D04603-77DE-4733-8AC6-B5837CBD1EAC}
	EndGlobalSection
EndGlobal
